// !$*UTF8*$!
{
	archiveVersion = 1;
	classes = {
	};
	objectVersion = 48;
	objects = {

/* Begin PBXBuildFile section */
		501FF65C204227C700D2D590 /* AppDelegate.swift in Sources */ = {isa = PBXBuildFile; fileRef = 501FF65B204227C700D2D590 /* AppDelegate.swift */; };
		501FF65E204227C700D2D590 /* ViewController.swift in Sources */ = {isa = PBXBuildFile; fileRef = 501FF65D204227C700D2D590 /* ViewController.swift */; };
		501FF661204227C700D2D590 /* Main.storyboard in Resources */ = {isa = PBXBuildFile; fileRef = 501FF65F204227C700D2D590 /* Main.storyboard */; };
		501FF663204227C700D2D590 /* Assets.xcassets in Resources */ = {isa = PBXBuildFile; fileRef = 501FF662204227C700D2D590 /* Assets.xcassets */; };
		501FF666204227C700D2D590 /* LaunchScreen.storyboard in Resources */ = {isa = PBXBuildFile; fileRef = 501FF664204227C700D2D590 /* LaunchScreen.storyboard */; };
		501FF671204227C700D2D590 /* lab7part2Tests.swift in Sources */ = {isa = PBXBuildFile; fileRef = 501FF670204227C700D2D590 /* lab7part2Tests.swift */; };
		501FF67C204227C700D2D590 /* lab7part2UITests.swift in Sources */ = {isa = PBXBuildFile; fileRef = 501FF67B204227C700D2D590 /* lab7part2UITests.swift */; };
/* End PBXBuildFile section */

/* Begin PBXContainerItemProxy section */
		501FF66D204227C700D2D590 /* PBXContainerItemProxy */ = {
			isa = PBXContainerItemProxy;
			containerPortal = 501FF650204227C700D2D590 /* Project object */;
			proxyType = 1;
			remoteGlobalIDString = 501FF657204227C700D2D590;
			remoteInfo = lab7part2;
		};
		501FF678204227C700D2D590 /* PBXContainerItemProxy */ = {
			isa = PBXContainerItemProxy;
			containerPortal = 501FF650204227C700D2D590 /* Project object */;
			proxyType = 1;
			remoteGlobalIDString = 501FF657204227C700D2D590;
			remoteInfo = lab7part2;
		};
/* End PBXContainerItemProxy section */

/* Begin PBXFileReference section */
		501FF658204227C700D2D590 /* lab7part2.app */ = {isa = PBXFileReference; explicitFileType = wrapper.application; includeInIndex = 0; path = lab7part2.app; sourceTree = BUILT_PRODUCTS_DIR; };
		501FF65B204227C700D2D590 /* AppDelegate.swift */ = {isa = PBXFileReference; lastKnownFileType = sourcecode.swift; path = AppDelegate.swift; sourceTree = "<group>"; };
		501FF65D204227C700D2D590 /* ViewController.swift */ = {isa = PBXFileReference; lastKnownFileType = sourcecode.swift; path = ViewController.swift; sourceTree = "<group>"; };
		501FF660204227C700D2D590 /* Base */ = {isa = PBXFileReference; lastKnownFileType = file.storyboard; name = Base; path = Base.lproj/Main.storyboard; sourceTree = "<group>"; };
		501FF662204227C700D2D590 /* Assets.xcassets */ = {isa = PBXFileReference; lastKnownFileType = folder.assetcatalog; path = Assets.xcassets; sourceTree = "<group>"; };
		501FF665204227C700D2D590 /* Base */ = {isa = PBXFileReference; lastKnownFileType = file.storyboard; name = Base; path = Base.lproj/LaunchScreen.storyboard; sourceTree = "<group>"; };
		501FF667204227C700D2D590 /* Info.plist */ = {isa = PBXFileReference; lastKnownFileType = text.plist.xml; path = Info.plist; sourceTree = "<group>"; };
		501FF66C204227C700D2D590 /* lab7part2Tests.xctest */ = {isa = PBXFileReference; explicitFileType = wrapper.cfbundle; includeInIndex = 0; path = lab7part2Tests.xctest; sourceTree = BUILT_PRODUCTS_DIR; };
		501FF670204227C700D2D590 /* lab7part2Tests.swift */ = {isa = PBXFileReference; lastKnownFileType = sourcecode.swift; path = lab7part2Tests.swift; sourceTree = "<group>"; };
		501FF672204227C700D2D590 /* Info.plist */ = {isa = PBXFileReference; lastKnownFileType = text.plist.xml; path = Info.plist; sourceTree = "<group>"; };
		501FF677204227C700D2D590 /* lab7part2UITests.xctest */ = {isa = PBXFileReference; explicitFileType = wrapper.cfbundle; includeInIndex = 0; path = lab7part2UITests.xctest; sourceTree = BUILT_PRODUCTS_DIR; };
		501FF67B204227C700D2D590 /* lab7part2UITests.swift */ = {isa = PBXFileReference; lastKnownFileType = sourcecode.swift; path = lab7part2UITests.swift; sourceTree = "<group>"; };
		501FF67D204227C700D2D590 /* Info.plist */ = {isa = PBXFileReference; lastKnownFileType = text.plist.xml; path = Info.plist; sourceTree = "<group>"; };
/* End PBXFileReference section */

/* Begin PBXFrameworksBuildPhase section */
		501FF655204227C700D2D590 /* Frameworks */ = {
			isa = PBXFrameworksBuildPhase;
			buildActionMask = 2147483647;
			files = (
			);
			runOnlyForDeploymentPostprocessing = 0;
		};
		501FF669204227C700D2D590 /* Frameworks */ = {
			isa = PBXFrameworksBuildPhase;
			buildActionMask = 2147483647;
			files = (
			);
			runOnlyForDeploymentPostprocessing = 0;
		};
		501FF674204227C700D2D590 /* Frameworks */ = {
			isa = PBXFrameworksBuildPhase;
			buildActionMask = 2147483647;
			files = (
			);
			runOnlyForDeploymentPostprocessing = 0;
		};
/* End PBXFrameworksBuildPhase section */

/* Begin PBXGroup section */
		501FF64F204227C700D2D590 = {
			isa = PBXGroup;
			children = (
				501FF65A204227C700D2D590 /* lab7part2 */,
				501FF66F204227C700D2D590 /* lab7part2Tests */,
				501FF67A204227C700D2D590 /* lab7part2UITests */,
				501FF659204227C700D2D590 /* Products */,
			);
			sourceTree = "<group>";
		};
		501FF659204227C700D2D590 /* Products */ = {
			isa = PBXGroup;
			children = (
				501FF658204227C700D2D590 /* lab7part2.app */,
				501FF66C204227C700D2D590 /* lab7part2Tests.xctest */,
				501FF677204227C700D2D590 /* lab7part2UITests.xctest */,
			);
			name = Products;
			sourceTree = "<group>";
		};
		501FF65A204227C700D2D590 /* lab7part2 */ = {
			isa = PBXGroup;
			children = (
				501FF65B204227C700D2D590 /* AppDelegate.swift */,
				501FF65D204227C700D2D590 /* ViewController.swift */,
				501FF65F204227C700D2D590 /* Main.storyboard */,
				501FF662204227C700D2D590 /* Assets.xcassets */,
				501FF664204227C700D2D590 /* LaunchScreen.storyboard */,
				501FF667204227C700D2D590 /* Info.plist */,
			);
			path = lab7part2;
			sourceTree = "<group>";
		};
		501FF66F204227C700D2D590 /* lab7part2Tests */ = {
			isa = PBXGroup;
			children = (
				501FF670204227C700D2D590 /* lab7part2Tests.swift */,
				501FF672204227C700D2D590 /* Info.plist */,
			);
			path = lab7part2Tests;
			sourceTree = "<group>";
		};
		501FF67A204227C700D2D590 /* lab7part2UITests */ = {
			isa = PBXGroup;
			children = (
				501FF67B204227C700D2D590 /* lab7part2UITests.swift */,
				501FF67D204227C700D2D590 /* Info.plist */,
			);
			path = lab7part2UITests;
			sourceTree = "<group>";
		};
/* End PBXGroup section */

/* Begin PBXNativeTarget section */
		501FF657204227C700D2D590 /* lab7part2 */ = {
			isa = PBXNativeTarget;
			buildConfigurationList = 501FF680204227C700D2D590 /* Build configuration list for PBXNativeTarget "lab7part2" */;
			buildPhases = (
				501FF654204227C700D2D590 /* Sources */,
				501FF655204227C700D2D590 /* Frameworks */,
				501FF656204227C700D2D590 /* Resources */,
			);
			buildRules = (
			);
			dependencies = (
			);
			name = lab7part2;
			productName = lab7part2;
			productReference = 501FF658204227C700D2D590 /* lab7part2.app */;
			productType = "com.apple.product-type.application";
		};
		501FF66B204227C700D2D590 /* lab7part2Tests */ = {
			isa = PBXNativeTarget;
			buildConfigurationList = 501FF683204227C700D2D590 /* Build configuration list for PBXNativeTarget "lab7part2Tests" */;
			buildPhases = (
				501FF668204227C700D2D590 /* Sources */,
				501FF669204227C700D2D590 /* Frameworks */,
				501FF66A204227C700D2D590 /* Resources */,
			);
			buildRules = (
			);
			dependencies = (
				501FF66E204227C700D2D590 /* PBXTargetDependency */,
			);
			name = lab7part2Tests;
			productName = lab7part2Tests;
			productReference = 501FF66C204227C700D2D590 /* lab7part2Tests.xctest */;
			productType = "com.apple.product-type.bundle.unit-test";
		};
		501FF676204227C700D2D590 /* lab7part2UITests */ = {
			isa = PBXNativeTarget;
			buildConfigurationList = 501FF686204227C700D2D590 /* Build configuration list for PBXNativeTarget "lab7part2UITests" */;
			buildPhases = (
				501FF673204227C700D2D590 /* Sources */,
				501FF674204227C700D2D590 /* Frameworks */,
				501FF675204227C700D2D590 /* Resources */,
			);
			buildRules = (
			);
			dependencies = (
				501FF679204227C700D2D590 /* PBXTargetDependency */,
			);
			name = lab7part2UITests;
			productName = lab7part2UITests;
			productReference = 501FF677204227C700D2D590 /* lab7part2UITests.xctest */;
			productType = "com.apple.product-type.bundle.ui-testing";
		};
/* End PBXNativeTarget section */

/* Begin PBXProject section */
		501FF650204227C700D2D590 /* Project object */ = {
			isa = PBXProject;
			attributes = {
				LastSwiftUpdateCheck = 0920;
				LastUpgradeCheck = 0920;
				ORGANIZATIONNAME = "Max Moede";
				TargetAttributes = {
					501FF657204227C700D2D590 = {
						CreatedOnToolsVersion = 9.2;
						ProvisioningStyle = Automatic;
					};
					501FF66B204227C700D2D590 = {
						CreatedOnToolsVersion = 9.2;
						ProvisioningStyle = Automatic;
						TestTargetID = 501FF657204227C700D2D590;
					};
					501FF676204227C700D2D590 = {
						CreatedOnToolsVersion = 9.2;
						ProvisioningStyle = Automatic;
						TestTargetID = 501FF657204227C700D2D590;
					};
				};
			};
			buildConfigurationList = 501FF653204227C700D2D590 /* Build configuration list for PBXProject "lab7part2" */;
			compatibilityVersion = "Xcode 8.0";
			developmentRegion = en;
			hasScannedForEncodings = 0;
			knownRegions = (
				en,
				Base,
			);
			mainGroup = 501FF64F204227C700D2D590;
			productRefGroup = 501FF659204227C700D2D590 /* Products */;
			projectDirPath = "";
			projectRoot = "";
			targets = (
				501FF657204227C700D2D590 /* lab7part2 */,
				501FF66B204227C700D2D590 /* lab7part2Tests */,
				501FF676204227C700D2D590 /* lab7part2UITests */,
			);
		};
/* End PBXProject section */

/* Begin PBXResourcesBuildPhase section */
		501FF656204227C700D2D590 /* Resources */ = {
			isa = PBXResourcesBuildPhase;
			buildActionMask = 2147483647;
			files = (
				501FF666204227C700D2D590 /* LaunchScreen.storyboard in Resources */,
				501FF663204227C700D2D590 /* Assets.xcassets in Resources */,
				501FF661204227C700D2D590 /* Main.storyboard in Resources */,
			);
			runOnlyForDeploymentPostprocessing = 0;
		};
		501FF66A204227C700D2D590 /* Resources */ = {
			isa = PBXResourcesBuildPhase;
			buildActionMask = 2147483647;
			files = (
			);
			runOnlyForDeploymentPostprocessing = 0;
		};
		501FF675204227C700D2D590 /* Resources */ = {
			isa = PBXResourcesBuildPhase;
			buildActionMask = 2147483647;
			files = (
			);
			runOnlyForDeploymentPostprocessing = 0;
		};
/* End PBXResourcesBuildPhase section */

/* Begin PBXSourcesBuildPhase section */
		501FF654204227C700D2D590 /* Sources */ = {
			isa = PBXSourcesBuildPhase;
			buildActionMask = 2147483647;
			files = (
				501FF65E204227C700D2D590 /* ViewController.swift in Sources */,
				501FF65C204227C700D2D590 /* AppDelegate.swift in Sources */,
			);
			runOnlyForDeploymentPostprocessing = 0;
		};
		501FF668204227C700D2D590 /* Sources */ = {
			isa = PBXSourcesBuildPhase;
			buildActionMask = 2147483647;
			files = (
				501FF671204227C700D2D590 /* lab7part2Tests.swift in Sources */,
			);
			runOnlyForDeploymentPostprocessing = 0;
		};
		501FF673204227C700D2D590 /* Sources */ = {
			isa = PBXSourcesBuildPhase;
			buildActionMask = 2147483647;
			files = (
				501FF67C204227C700D2D590 /* lab7part2UITests.swift in Sources */,
			);
			runOnlyForDeploymentPostprocessing = 0;
		};
/* End PBXSourcesBuildPhase section */

/* Begin PBXTargetDependency section */
		501FF66E204227C700D2D590 /* PBXTargetDependency */ = {
			isa = PBXTargetDependency;
			target = 501FF657204227C700D2D590 /* lab7part2 */;
			targetProxy = 501FF66D204227C700D2D590 /* PBXContainerItemProxy */;
		};
		501FF679204227C700D2D590 /* PBXTargetDependency */ = {
			isa = PBXTargetDependency;
			target = 501FF657204227C700D2D590 /* lab7part2 */;
			targetProxy = 501FF678204227C700D2D590 /* PBXContainerItemProxy */;
		};
/* End PBXTargetDependency section */

/* Begin PBXVariantGroup section */
		501FF65F204227C700D2D590 /* Main.storyboard */ = {
			isa = PBXVariantGroup;
			children = (
				501FF660204227C700D2D590 /* Base */,
			);
			name = Main.storyboard;
			sourceTree = "<group>";
		};
		501FF664204227C700D2D590 /* LaunchScreen.storyboard */ = {
			isa = PBXVariantGroup;
			children = (
				501FF665204227C700D2D590 /* Base */,
			);
			name = LaunchScreen.storyboard;
			sourceTree = "<group>";
		};
/* End PBXVariantGroup section */

/* Begin XCBuildConfiguration section */
		501FF67E204227C700D2D590 /* Debug */ = {
			isa = XCBuildConfiguration;
			buildSettings = {
				ALWAYS_SEARCH_USER_PATHS = NO;
				CLANG_ANALYZER_NONNULL = YES;
				CLANG_ANALYZER_NUMBER_OBJECT_CONVERSION = YES_AGGRESSIVE;
				CLANG_CXX_LANGUAGE_STANDARD = "gnu++14";
				CLANG_CXX_LIBRARY = "libc++";
				CLANG_ENABLE_MODULES = YES;
				CLANG_ENABLE_OBJC_ARC = YES;
				CLANG_WARN_BLOCK_CAPTURE_AUTORELEASING = YES;
				CLANG_WARN_BOOL_CONVERSION = YES;
				CLANG_WARN_COMMA = YES;
				CLANG_WARN_CONSTANT_CONVERSION = YES;
				CLANG_WARN_DIRECT_OBJC_ISA_USAGE = YES_ERROR;
				CLANG_WARN_DOCUMENTATION_COMMENTS = YES;
				CLANG_WARN_EMPTY_BODY = YES;
				CLANG_WARN_ENUM_CONVERSION = YES;
				CLANG_WARN_INFINITE_RECURSION = YES;
				CLANG_WARN_INT_CONVERSION = YES;
				CLANG_WARN_NON_LITERAL_NULL_CONVERSION = YES;
				CLANG_WARN_OBJC_LITERAL_CONVERSION = YES;
				CLANG_WARN_OBJC_ROOT_CLASS = YES_ERROR;
				CLANG_WARN_RANGE_LOOP_ANALYSIS = YES;
				CLANG_WARN_STRICT_PROTOTYPES = YES;
				CLANG_WARN_SUSPICIOUS_MOVE = YES;
				CLANG_WARN_UNGUARDED_AVAILABILITY = YES_AGGRESSIVE;
				CLANG_WARN_UNREACHABLE_CODE = YES;
				CLANG_WARN__DUPLICATE_METHOD_MATCH = YES;
				CODE_SIGN_IDENTITY = "iPhone Developer";
				COPY_PHASE_STRIP = NO;
				DEBUG_INFORMATION_FORMAT = dwarf;
				ENABLE_STRICT_OBJC_MSGSEND = YES;
				ENABLE_TESTABILITY = YES;
				GCC_C_LANGUAGE_STANDARD = gnu11;
				GCC_DYNAMIC_NO_PIC = NO;
				GCC_NO_COMMON_BLOCKS = YES;
				GCC_OPTIMIZATION_LEVEL = 0;
				GCC_PREPROCESSOR_DEFINITIONS = (
					"DEBUG=1",
					"$(inherited)",
				);
				GCC_WARN_64_TO_32_BIT_CONVERSION = YES;
				GCC_WARN_ABOUT_RETURN_TYPE = YES_ERROR;
				GCC_WARN_UNDECLARED_SELECTOR = YES;
				GCC_WARN_UNINITIALIZED_AUTOS = YES_AGGRESSIVE;
				GCC_WARN_UNUSED_FUNCTION = YES;
				GCC_WARN_UNUSED_VARIABLE = YES;
				IPHONEOS_DEPLOYMENT_TARGET = 11.2;
				MTL_ENABLE_DEBUG_INFO = YES;
				ONLY_ACTIVE_ARCH = YES;
				SDKROOT = iphoneos;
				SWIFT_ACTIVE_COMPILATION_CONDITIONS = DEBUG;
				SWIFT_OPTIMIZATION_LEVEL = "-Onone";
			};
			name = Debug;
		};
		501FF67F204227C700D2D590 /* Release */ = {
			isa = XCBuildConfiguration;
			buildSettings = {
				ALWAYS_SEARCH_USER_PATHS = NO;
				CLANG_ANALYZER_NONNULL = YES;
				CLANG_ANALYZER_NUMBER_OBJECT_CONVERSION = YES_AGGRESSIVE;
				CLANG_CXX_LANGUAGE_STANDARD = "gnu++14";
				CLANG_CXX_LIBRARY = "libc++";
				CLANG_ENABLE_MODULES = YES;
				CLANG_ENABLE_OBJC_ARC = YES;
				CLANG_WARN_BLOCK_CAPTURE_AUTORELEASING = YES;
				CLANG_WARN_BOOL_CONVERSION = YES;
				CLANG_WARN_COMMA = YES;
				CLANG_WARN_CONSTANT_CONVERSION = YES;
				CLANG_WARN_DIRECT_OBJC_ISA_USAGE = YES_ERROR;
				CLANG_WARN_DOCUMENTATION_COMMENTS = YES;
				CLANG_WARN_EMPTY_BODY = YES;
				CLANG_WARN_ENUM_CONVERSION = YES;
				CLANG_WARN_INFINITE_RECURSION = YES;
				CLANG_WARN_INT_CONVERSION = YES;
				CLANG_WARN_NON_LITERAL_NULL_CONVERSION = YES;
				CLANG_WARN_OBJC_LITERAL_CONVERSION = YES;
				CLANG_WARN_OBJC_ROOT_CLASS = YES_ERROR;
				CLANG_WARN_RANGE_LOOP_ANALYSIS = YES;
				CLANG_WARN_STRICT_PROTOTYPES = YES;
				CLANG_WARN_SUSPICIOUS_MOVE = YES;
				CLANG_WARN_UNGUARDED_AVAILABILITY = YES_AGGRESSIVE;
				CLANG_WARN_UNREACHABLE_CODE = YES;
				CLANG_WARN__DUPLICATE_METHOD_MATCH = YES;
				CODE_SIGN_IDENTITY = "iPhone Developer";
				COPY_PHASE_STRIP = NO;
				DEBUG_INFORMATION_FORMAT = "dwarf-with-dsym";
				ENABLE_NS_ASSERTIONS = NO;
				ENABLE_STRICT_OBJC_MSGSEND = YES;
				GCC_C_LANGUAGE_STANDARD = gnu11;
				GCC_NO_COMMON_BLOCKS = YES;
				GCC_WARN_64_TO_32_BIT_CONVERSION = YES;
				GCC_WARN_ABOUT_RETURN_TYPE = YES_ERROR;
				GCC_WARN_UNDECLARED_SELECTOR = YES;
				GCC_WARN_UNINITIALIZED_AUTOS = YES_AGGRESSIVE;
				GCC_WARN_UNUSED_FUNCTION = YES;
				GCC_WARN_UNUSED_VARIABLE = YES;
				IPHONEOS_DEPLOYMENT_TARGET = 11.2;
				MTL_ENABLE_DEBUG_INFO = NO;
				SDKROOT = iphoneos;
				SWIFT_OPTIMIZATION_LEVEL = "-Owholemodule";
				VALIDATE_PRODUCT = YES;
			};
			name = Release;
		};
		501FF681204227C700D2D590 /* Debug */ = {
			isa = XCBuildConfiguration;
			buildSettings = {
				ASSETCATALOG_COMPILER_APPICON_NAME = AppIcon;
				CODE_SIGN_STYLE = Automatic;
				INFOPLIST_FILE = lab7part2/Info.plist;
				LD_RUNPATH_SEARCH_PATHS = "$(inherited) @executable_path/Frameworks";
				PRODUCT_BUNDLE_IDENTIFIER = com.max.moede.lab7part2;
				PRODUCT_NAME = "$(TARGET_NAME)";
				SWIFT_VERSION = 4.0;
				TARGETED_DEVICE_FAMILY = "1,2";
			};
			name = Debug;
		};
		501FF682204227C700D2D590 /* Release */ = {
			isa = XCBuildConfiguration;
			buildSettings = {
				ASSETCATALOG_COMPILER_APPICON_NAME = AppIcon;
				CODE_SIGN_STYLE = Automatic;
				INFOPLIST_FILE = lab7part2/Info.plist;
				LD_RUNPATH_SEARCH_PATHS = "$(inherited) @executable_path/Frameworks";
				PRODUCT_BUNDLE_IDENTIFIER = com.max.moede.lab7part2;
				PRODUCT_NAME = "$(TARGET_NAME)";
				SWIFT_VERSION = 4.0;
				TARGETED_DEVICE_FAMILY = "1,2";
			};
			name = Release;
		};
		501FF684204227C700D2D590 /* Debug */ = {
			isa = XCBuildConfiguration;
			buildSettings = {
				ALWAYS_EMBED_SWIFT_STANDARD_LIBRARIES = YES;
				BUNDLE_LOADER = "$(TEST_HOST)";
				CODE_SIGN_STYLE = Automatic;
				INFOPLIST_FILE = lab7part2Tests/Info.plist;
				LD_RUNPATH_SEARCH_PATHS = "$(inherited) @executable_path/Frameworks @loader_path/Frameworks";
				PRODUCT_BUNDLE_IDENTIFIER = com.max.moede.lab7part2Tests;
				PRODUCT_NAME = "$(TARGET_NAME)";
				SWIFT_VERSION = 4.0;
				TARGETED_DEVICE_FAMILY = "1,2";
				TEST_HOST = "$(BUILT_PRODUCTS_DIR)/lab7part2.app/lab7part2";
			};
			name = Debug;
		};
		501FF685204227C700D2D590 /* Release */ = {
			isa = XCBuildConfiguration;
			buildSettings = {
				ALWAYS_EMBED_SWIFT_STANDARD_LIBRARIES = YES;
				BUNDLE_LOADER = "$(TEST_HOST)";
				CODE_SIGN_STYLE = Automatic;
				INFOPLIST_FILE = lab7part2Tests/Info.plist;
				LD_RUNPATH_SEARCH_PATHS = "$(inherited) @executable_path/Frameworks @loader_path/Frameworks";
				PRODUCT_BUNDLE_IDENTIFIER = com.max.moede.lab7part2Tests;
				PRODUCT_NAME = "$(TARGET_NAME)";
				SWIFT_VERSION = 4.0;
				TARGETED_DEVICE_FAMILY = "1,2";
				TEST_HOST = "$(BUILT_PRODUCTS_DIR)/lab7part2.app/lab7part2";
			};
			name = Release;
		};
		501FF687204227C700D2D590 /* Debug */ = {
			isa = XCBuildConfiguration;
			buildSettings = {
				ALWAYS_EMBED_SWIFT_STANDARD_LIBRARIES = YES;
				CODE_SIGN_STYLE = Automatic;
				INFOPLIST_FILE = lab7part2UITests/Info.plist;
				LD_RUNPATH_SEARCH_PATHS = "$(inherited) @executable_path/Frameworks @loader_path/Frameworks";
				PRODUCT_BUNDLE_IDENTIFIER = com.max.moede.lab7part2UITests;
				PRODUCT_NAME = "$(TARGET_NAME)";
				SWIFT_VERSION = 4.0;
				TARGETED_DEVICE_FAMILY = "1,2";
				TEST_TARGET_NAME = lab7part2;
			};
			name = Debug;
		};
		501FF688204227C700D2D590 /* Release */ = {
			isa = XCBuildConfiguration;
			buildSettings = {
				ALWAYS_EMBED_SWIFT_STANDARD_LIBRARIES = YES;
				CODE_SIGN_STYLE = Automatic;
				INFOPLIST_FILE = lab7part2UITests/Info.plist;
				LD_RUNPATH_SEARCH_PATHS = "$(inherited) @executable_path/Frameworks @loader_path/Frameworks";
				PRODUCT_BUNDLE_IDENTIFIER = com.max.moede.lab7part2UITests;
				PRODUCT_NAME = "$(TARGET_NAME)";
				SWIFT_VERSION = 4.0;
				TARGETED_DEVICE_FAMILY = "1,2";
				TEST_TARGET_NAME = lab7part2;
			};
			name = Release;
		};
/* End XCBuildConfiguration section */

/* Begin XCConfigurationList section */
		501FF653204227C700D2D590 /* Build configuration list for PBXProject "lab7part2" */ = {
			isa = XCConfigurationList;
			buildConfigurations = (
				501FF67E204227C700D2D590 /* Debug */,
				501FF67F204227C700D2D590 /* Release */,
			);
			defaultConfigurationIsVisible = 0;
			defaultConfigurationName = Release;
		};
		501FF680204227C700D2D590 /* Build configuration list for PBXNativeTarget "lab7part2" */ = {
			isa = XCConfigurationList;
			buildConfigurations = (
				501FF681204227C700D2D590 /* Debug */,
				501FF682204227C700D2D590 /* Release */,
			);
			defaultConfigurationIsVisible = 0;
			defaultConfigurationName = Release;
		};
		501FF683204227C700D2D590 /* Build configuration list for PBXNativeTarget "lab7part2Tests" */ = {
			isa = XCConfigurationList;
			buildConfigurations = (
				501FF684204227C700D2D590 /* Debug */,
				501FF685204227C700D2D590 /* Release */,
			);
			defaultConfigurationIsVisible = 0;
			defaultConfigurationName = Release;
		};
		501FF686204227C700D2D590 /* Build configuration list for PBXNativeTarget "lab7part2UITests" */ = {
			isa = XCConfigurationList;
			buildConfigurations = (
				501FF687204227C700D2D590 /* Debug */,
				501FF688204227C700D2D590 /* Release */,
			);
			defaultConfigurationIsVisible = 0;
			defaultConfigurationName = Release;
		};
/* End XCConfigurationList section */
	};
	rootObject = 501FF650204227C700D2D590 /* Project object */;
}
